
Microsoft Visual Studio Solution File, Format Version 12.00
# Visual Studio Version 17
VisualStudioVersion = 17.8.34511.84
MinimumVisualStudioVersion = 10.0.40219.1
Project("{FAE04EC0-301F-11D3-BF4B-00C04F79EFBC}") = "EDIL gianlu edilizia", "EDIL gianlu edilizia\EDIL gianlu edilizia.csproj", "{C62A2157-978A-4312-942C-6347A3E407DC}"
EndProject
Global
	GlobalSection(SolutionConfigurationPlatforms) = preSolution
		Debug|Any CPU = Debug|Any CPU
		Release|Any CPU = Release|Any CPU
	EndGlobalSection
	GlobalSection(ProjectConfigurationPlatforms) = postSolution
		{C62A2157-978A-4312-942C-6347A3E407DC}.Debug|Any CPU.ActiveCfg = Debug|Any CPU
		{C62A2157-978A-4312-942C-6347A3E407DC}.Debug|Any CPU.Build.0 = Debug|Any CPU
		{C62A2157-978A-4312-942C-6347A3E407DC}.Release|Any CPU.ActiveCfg = Release|Any CPU
		{C62A2157-978A-4312-942C-6347A3E407DC}.Release|Any CPU.Build.0 = Release|Any CPU
	EndGlobalSection
	GlobalSection(SolutionProperties) = preSolution
		HideSolutionNode = FALSE
	EndGlobalSection
	GlobalSection(ExtensibilityGlobals) = postSolution
		SolutionGuid = {E3F87872-CC5D-4EE5-B24A-E0A4690F236A}
	EndGlobalSection
EndGlobal
